# THIS IS AN AUTOGENERATED FILE. DO NOT EDIT THIS FILE DIRECTLY.
# yarn lockfile v1


papaparse@^4.6.2:
  version "4.6.2"
  resolved "https://registry.yarnpkg.com/papaparse/-/papaparse-4.6.2.tgz#5b2df0296f505f1c9d4c2261f903d3b44866a28d"
  integrity sha512-P/4p6S6wZyXAjcFPnJAjFn7lxMIkd+23prFELhcbfWswQfg7dG1XJfV8/lKvk5lu5BGSSJZFHSDMejjFcB1feg==
